
Microsoft Visual Studio Solution File, Format Version 12.00
# Visual Studio 15
VisualStudioVersion = 15.0.27428.2037
MinimumVisualStudioVersion = 10.0.40219.1
Project("{FAE04EC0-301F-11D3-BF4B-00C04F79EFBC}") = "DatabaseLibrary", "DatabaseLibrary.csproj", "{41B91E5A-C78E-41AB-9994-86F0B1DA2887}"
EndProject
Global
	GlobalSection(SolutionConfigurationPlatforms) = preSolution
		Debug|Any CPU = Debug|Any CPU
		Release|Any CPU = Release|Any CPU
	EndGlobalSection
	GlobalSection(ProjectConfigurationPlatforms) = postSolution
		{41B91E5A-C78E-41AB-9994-86F0B1DA2887}.Debug|Any CPU.ActiveCfg = Debug|Any CPU
		{41B91E5A-C78E-41AB-9994-86F0B1DA2887}.Debug|Any CPU.Build.0 = Debug|Any CPU
		{41B91E5A-C78E-41AB-9994-86F0B1DA2887}.Release|Any CPU.ActiveCfg = Release|Any CPU
		{41B91E5A-C78E-41AB-9994-86F0B1DA2887}.Release|Any CPU.Build.0 = Release|Any CPU
	EndGlobalSection
	GlobalSection(SolutionProperties) = preSolution
		HideSolutionNode = FALSE
	EndGlobalSection
	GlobalSection(ExtensibilityGlobals) = postSolution
		SolutionGuid = {FA53FE47-0B75-4061-879A-223815507AFD}
	EndGlobalSection
EndGlobal
